
Microsoft Visual Studio Solution File, Format Version 10.00
# Visual Studio 2008
Project("{FAE04EC0-301F-11D3-BF4B-00C04F79EFBC}") = "a0", "a0\a0.csproj", "{1CC7A19D-EC68-431F-8928-3984EB79F32A}"
EndProject
Global
	GlobalSection(SolutionConfigurationPlatforms) = preSolution
		Debug|x86 = Debug|x86
		Release|x86 = Release|x86
	EndGlobalSection
	GlobalSection(ProjectConfigurationPlatforms) = postSolution
		{1CC7A19D-EC68-431F-8928-3984EB79F32A}.Debug|x86.ActiveCfg = Debug|x86
		{1CC7A19D-EC68-431F-8928-3984EB79F32A}.Debug|x86.Build.0 = Debug|x86
		{1CC7A19D-EC68-431F-8928-3984EB79F32A}.Release|x86.ActiveCfg = Release|x86
		{1CC7A19D-EC68-431F-8928-3984EB79F32A}.Release|x86.Build.0 = Release|x86
	EndGlobalSection
	GlobalSection(MonoDevelopProperties) = preSolution
		StartupItem = a0\a0.csproj
	EndGlobalSection
EndGlobal
